
Microsoft Visual Studio Solution File, Format Version 12.00
# Visual Studio Version 16
VisualStudioVersion = 16.0.30114.105
MinimumVisualStudioVersion = 10.0.40219.1
Project("{FAE04EC0-301F-11D3-BF4B-00C04F79EFBC}") = "Typeform", "Typeform\Typeform.csproj", "{1CA85F23-0B66-4A4B-BB38-58C4584A8ACA}"
EndProject
Project("{FAE04EC0-301F-11D3-BF4B-00C04F79EFBC}") = "Typeform.Tests", "Typeform.Tests\Typeform.Tests.csproj", "{AE6F9B44-33DC-4C30-94F7-1A82C042EEAC}"
EndProject
Project("{FAE04EC0-301F-11D3-BF4B-00C04F79EFBC}") = "example", "example\example.csproj", "{BBBC70BF-ADD5-45BD-8E28-CF654F5744D7}"
EndProject
Global
	GlobalSection(SolutionConfigurationPlatforms) = preSolution
		Debug|Any CPU = Debug|Any CPU
		Release|Any CPU = Release|Any CPU
	EndGlobalSection
	GlobalSection(SolutionProperties) = preSolution
		HideSolutionNode = FALSE
	EndGlobalSection
	GlobalSection(ProjectConfigurationPlatforms) = postSolution
		{1CA85F23-0B66-4A4B-BB38-58C4584A8ACA}.Debug|Any CPU.ActiveCfg = Debug|Any CPU
		{1CA85F23-0B66-4A4B-BB38-58C4584A8ACA}.Debug|Any CPU.Build.0 = Debug|Any CPU
		{1CA85F23-0B66-4A4B-BB38-58C4584A8ACA}.Release|Any CPU.ActiveCfg = Release|Any CPU
		{1CA85F23-0B66-4A4B-BB38-58C4584A8ACA}.Release|Any CPU.Build.0 = Release|Any CPU
		{AE6F9B44-33DC-4C30-94F7-1A82C042EEAC}.Debug|Any CPU.ActiveCfg = Debug|Any CPU
		{AE6F9B44-33DC-4C30-94F7-1A82C042EEAC}.Debug|Any CPU.Build.0 = Debug|Any CPU
		{AE6F9B44-33DC-4C30-94F7-1A82C042EEAC}.Release|Any CPU.ActiveCfg = Release|Any CPU
		{AE6F9B44-33DC-4C30-94F7-1A82C042EEAC}.Release|Any CPU.Build.0 = Release|Any CPU
		{BBBC70BF-ADD5-45BD-8E28-CF654F5744D7}.Debug|Any CPU.ActiveCfg = Debug|Any CPU
		{BBBC70BF-ADD5-45BD-8E28-CF654F5744D7}.Debug|Any CPU.Build.0 = Debug|Any CPU
		{BBBC70BF-ADD5-45BD-8E28-CF654F5744D7}.Release|Any CPU.ActiveCfg = Release|Any CPU
		{BBBC70BF-ADD5-45BD-8E28-CF654F5744D7}.Release|Any CPU.Build.0 = Release|Any CPU
	EndGlobalSection
EndGlobal
